
Microsoft Visual Studio Solution File, Format Version 12.00
# Visual Studio 2012
Project("{E24C65DC-7377-472B-9ABA-BC803B73C61A}") = "12.RealExamJS1", "http://localhost:49380", "{51CA0263-E5B0-45D0-B2F5-7F9A3D3600A0}"
	ProjectSection(WebsiteProperties) = preProject
		UseIISExpress = "true"
		TargetFrameworkMoniker = ".NETFramework,Version%3Dv4.5"
		Debug.AspNetCompiler.VirtualPath = "/localhost_49380"
		Debug.AspNetCompiler.PhysicalPath = "D:\Telerik Academy\Telerik\JavaScript\12.RealExamJS1\"
		Debug.AspNetCompiler.TargetPath = "PrecompiledWeb\localhost_49380\"
		Debug.AspNetCompiler.Updateable = "true"
		Debug.AspNetCompiler.ForceOverwrite = "true"
		Debug.AspNetCompiler.FixedNames = "false"
		Debug.AspNetCompiler.Debug = "True"
		Release.AspNetCompiler.VirtualPath = "/localhost_49380"
		Release.AspNetCompiler.PhysicalPath = "D:\Telerik Academy\Telerik\JavaScript\12.RealExamJS1\"
		Release.AspNetCompiler.TargetPath = "PrecompiledWeb\localhost_49380\"
		Release.AspNetCompiler.Updateable = "true"
		Release.AspNetCompiler.ForceOverwrite = "true"
		Release.AspNetCompiler.FixedNames = "false"
		Release.AspNetCompiler.Debug = "False"
		SlnRelativePath = "D:\Telerik Academy\Telerik\JavaScript\12.RealExamJS1\"
		DefaultWebSiteLanguage = "Visual C#"
	EndProjectSection
EndProject
Global
	GlobalSection(SolutionConfigurationPlatforms) = preSolution
		Debug|Any CPU = Debug|Any CPU
	EndGlobalSection
	GlobalSection(ProjectConfigurationPlatforms) = postSolution
		{51CA0263-E5B0-45D0-B2F5-7F9A3D3600A0}.Debug|Any CPU.ActiveCfg = Debug|Any CPU
		{51CA0263-E5B0-45D0-B2F5-7F9A3D3600A0}.Debug|Any CPU.Build.0 = Debug|Any CPU
	EndGlobalSection
	GlobalSection(SolutionProperties) = preSolution
		HideSolutionNode = FALSE
	EndGlobalSection
EndGlobal
