
Microsoft Visual Studio Solution File, Format Version 12.00
# Visual Studio 2012
Project("{E24C65DC-7377-472B-9ABA-BC803B73C61A}") = "Homework-Functions", "http://localhost:50265", "{CF1B35D6-5141-4489-9FBB-D69C41E14D52}"
	ProjectSection(WebsiteProperties) = preProject
		UseIISExpress = "true"
		TargetFrameworkMoniker = ".NETFramework,Version%3Dv4.5"
		Debug.AspNetCompiler.VirtualPath = "/localhost_50265"
		Debug.AspNetCompiler.PhysicalPath = "D:\Telerik Academy\Telerik\JavaScript\07.Functions\Homework-Functions\"
		Debug.AspNetCompiler.TargetPath = "PrecompiledWeb\localhost_50265\"
		Debug.AspNetCompiler.Updateable = "true"
		Debug.AspNetCompiler.ForceOverwrite = "true"
		Debug.AspNetCompiler.FixedNames = "false"
		Debug.AspNetCompiler.Debug = "True"
		Release.AspNetCompiler.VirtualPath = "/localhost_50265"
		Release.AspNetCompiler.PhysicalPath = "D:\Telerik Academy\Telerik\JavaScript\07.Functions\Homework-Functions\"
		Release.AspNetCompiler.TargetPath = "PrecompiledWeb\localhost_50265\"
		Release.AspNetCompiler.Updateable = "true"
		Release.AspNetCompiler.ForceOverwrite = "true"
		Release.AspNetCompiler.FixedNames = "false"
		Release.AspNetCompiler.Debug = "False"
		SlnRelativePath = "D:\Telerik Academy\Telerik\JavaScript\07.Functions\Homework-Functions\"
		DefaultWebSiteLanguage = "Visual C#"
	EndProjectSection
EndProject
Global
	GlobalSection(SolutionConfigurationPlatforms) = preSolution
		Debug|Any CPU = Debug|Any CPU
	EndGlobalSection
	GlobalSection(ProjectConfigurationPlatforms) = postSolution
		{CF1B35D6-5141-4489-9FBB-D69C41E14D52}.Debug|Any CPU.ActiveCfg = Debug|Any CPU
		{CF1B35D6-5141-4489-9FBB-D69C41E14D52}.Debug|Any CPU.Build.0 = Debug|Any CPU
	EndGlobalSection
	GlobalSection(SolutionProperties) = preSolution
		HideSolutionNode = FALSE
	EndGlobalSection
EndGlobal
