
Microsoft Visual Studio Solution File, Format Version 12.00
# Visual Studio 2012
Project("{E24C65DC-7377-472B-9ABA-BC803B73C61A}") = "Accordion-new-version", "http://localhost:59172", "{A2A74EEE-1A9B-4385-AE59-88FDE975B446}"
	ProjectSection(WebsiteProperties) = preProject
		UseIISExpress = "true"
		TargetFrameworkMoniker = ".NETFramework,Version%3Dv4.5"
		Debug.AspNetCompiler.VirtualPath = "/localhost_59172"
		Debug.AspNetCompiler.PhysicalPath = "D:\Telerik Academy\Telerik\JavaScript 2\08.ExamPreparation\Accordion-new-version\"
		Debug.AspNetCompiler.TargetPath = "PrecompiledWeb\localhost_59172\"
		Debug.AspNetCompiler.Updateable = "true"
		Debug.AspNetCompiler.ForceOverwrite = "true"
		Debug.AspNetCompiler.FixedNames = "false"
		Debug.AspNetCompiler.Debug = "True"
		Release.AspNetCompiler.VirtualPath = "/localhost_59172"
		Release.AspNetCompiler.PhysicalPath = "D:\Telerik Academy\Telerik\JavaScript 2\08.ExamPreparation\Accordion-new-version\"
		Release.AspNetCompiler.TargetPath = "PrecompiledWeb\localhost_59172\"
		Release.AspNetCompiler.Updateable = "true"
		Release.AspNetCompiler.ForceOverwrite = "true"
		Release.AspNetCompiler.FixedNames = "false"
		Release.AspNetCompiler.Debug = "False"
		SlnRelativePath = "D:\Telerik Academy\Telerik\JavaScript 2\08.ExamPreparation\Accordion-new-version\"
		DefaultWebSiteLanguage = "Visual C#"
	EndProjectSection
EndProject
Global
	GlobalSection(SolutionConfigurationPlatforms) = preSolution
		Debug|Any CPU = Debug|Any CPU
	EndGlobalSection
	GlobalSection(ProjectConfigurationPlatforms) = postSolution
		{A2A74EEE-1A9B-4385-AE59-88FDE975B446}.Debug|Any CPU.ActiveCfg = Debug|Any CPU
		{A2A74EEE-1A9B-4385-AE59-88FDE975B446}.Debug|Any CPU.Build.0 = Debug|Any CPU
	EndGlobalSection
	GlobalSection(SolutionProperties) = preSolution
		HideSolutionNode = FALSE
	EndGlobalSection
EndGlobal
