
Microsoft Visual Studio Solution File, Format Version 12.00
# Visual Studio 2012
Project("{FAE04EC0-301F-11D3-BF4B-00C04F79EFBC}") = "1.School", "1.School\1.School.csproj", "{CC152A9A-0956-4676-B17F-5CD01FEC1A1E}"
EndProject
Project("{FAE04EC0-301F-11D3-BF4B-00C04F79EFBC}") = "2.Human", "2.Human\2.Human.csproj", "{60076CCA-C32D-46BA-A178-919ED15B649D}"
EndProject
Project("{FAE04EC0-301F-11D3-BF4B-00C04F79EFBC}") = "3.Animals", "3.Animals\3.Animals.csproj", "{233A131C-3B6E-4017-8B56-BE3E46B5BA09}"
EndProject
Global
	GlobalSection(SolutionConfigurationPlatforms) = preSolution
		Debug|Any CPU = Debug|Any CPU
		Release|Any CPU = Release|Any CPU
	EndGlobalSection
	GlobalSection(ProjectConfigurationPlatforms) = postSolution
		{CC152A9A-0956-4676-B17F-5CD01FEC1A1E}.Debug|Any CPU.ActiveCfg = Debug|Any CPU
		{CC152A9A-0956-4676-B17F-5CD01FEC1A1E}.Debug|Any CPU.Build.0 = Debug|Any CPU
		{CC152A9A-0956-4676-B17F-5CD01FEC1A1E}.Release|Any CPU.ActiveCfg = Release|Any CPU
		{CC152A9A-0956-4676-B17F-5CD01FEC1A1E}.Release|Any CPU.Build.0 = Release|Any CPU
		{60076CCA-C32D-46BA-A178-919ED15B649D}.Debug|Any CPU.ActiveCfg = Debug|Any CPU
		{60076CCA-C32D-46BA-A178-919ED15B649D}.Debug|Any CPU.Build.0 = Debug|Any CPU
		{60076CCA-C32D-46BA-A178-919ED15B649D}.Release|Any CPU.ActiveCfg = Release|Any CPU
		{60076CCA-C32D-46BA-A178-919ED15B649D}.Release|Any CPU.Build.0 = Release|Any CPU
		{233A131C-3B6E-4017-8B56-BE3E46B5BA09}.Debug|Any CPU.ActiveCfg = Debug|Any CPU
		{233A131C-3B6E-4017-8B56-BE3E46B5BA09}.Debug|Any CPU.Build.0 = Debug|Any CPU
		{233A131C-3B6E-4017-8B56-BE3E46B5BA09}.Release|Any CPU.ActiveCfg = Release|Any CPU
		{233A131C-3B6E-4017-8B56-BE3E46B5BA09}.Release|Any CPU.Build.0 = Release|Any CPU
	EndGlobalSection
	GlobalSection(SolutionProperties) = preSolution
		HideSolutionNode = FALSE
	EndGlobalSection
EndGlobal
