
Microsoft Visual Studio Solution File, Format Version 12.00
# Visual Studio 2012
Project("{E24C65DC-7377-472B-9ABA-BC803B73C61A}") = "Homework-UnderscoreJS", "http://localhost:49412", "{B1FD9A96-03A7-444D-8D1C-58C15DFAE37D}"
	ProjectSection(WebsiteProperties) = preProject
		UseIISExpress = "true"
		TargetFrameworkMoniker = ".NETFramework,Version%3Dv4.5"
		Debug.AspNetCompiler.VirtualPath = "/localhost_49412"
		Debug.AspNetCompiler.PhysicalPath = "F:\Telerik Academy\Telerik\JavaScript-Frameworks\01.Underscore.js\Homework-UnderscoreJS\"
		Debug.AspNetCompiler.TargetPath = "PrecompiledWeb\localhost_49412\"
		Debug.AspNetCompiler.Updateable = "true"
		Debug.AspNetCompiler.ForceOverwrite = "true"
		Debug.AspNetCompiler.FixedNames = "false"
		Debug.AspNetCompiler.Debug = "True"
		Release.AspNetCompiler.VirtualPath = "/localhost_49412"
		Release.AspNetCompiler.PhysicalPath = "F:\Telerik Academy\Telerik\JavaScript-Frameworks\01.Underscore.js\Homework-UnderscoreJS\"
		Release.AspNetCompiler.TargetPath = "PrecompiledWeb\localhost_49412\"
		Release.AspNetCompiler.Updateable = "true"
		Release.AspNetCompiler.ForceOverwrite = "true"
		Release.AspNetCompiler.FixedNames = "false"
		Release.AspNetCompiler.Debug = "False"
		SlnRelativePath = "F:\Telerik Academy\Telerik\JavaScript-Frameworks\01.Underscore.js\Homework-UnderscoreJS\"
		DefaultWebSiteLanguage = "Visual C#"
	EndProjectSection
EndProject
Global
	GlobalSection(SolutionConfigurationPlatforms) = preSolution
		Debug|Any CPU = Debug|Any CPU
	EndGlobalSection
	GlobalSection(ProjectConfigurationPlatforms) = postSolution
		{B1FD9A96-03A7-444D-8D1C-58C15DFAE37D}.Debug|Any CPU.ActiveCfg = Debug|Any CPU
		{B1FD9A96-03A7-444D-8D1C-58C15DFAE37D}.Debug|Any CPU.Build.0 = Debug|Any CPU
	EndGlobalSection
	GlobalSection(SolutionProperties) = preSolution
		HideSolutionNode = FALSE
	EndGlobalSection
EndGlobal
