
Microsoft Visual Studio Solution File, Format Version 12.00
# Visual Studio 2012
Project("{FAE04EC0-301F-11D3-BF4B-00C04F79EFBC}") = "BattleGame.Client", "BattleGame.Client\BattleGame.Client.csproj", "{383F7622-BDF5-461C-90AC-E20C445A7D62}"
EndProject
Global
	GlobalSection(SolutionConfigurationPlatforms) = preSolution
		Debug|Any CPU = Debug|Any CPU
		Release|Any CPU = Release|Any CPU
	EndGlobalSection
	GlobalSection(ProjectConfigurationPlatforms) = postSolution
		{383F7622-BDF5-461C-90AC-E20C445A7D62}.Debug|Any CPU.ActiveCfg = Debug|Any CPU
		{383F7622-BDF5-461C-90AC-E20C445A7D62}.Debug|Any CPU.Build.0 = Debug|Any CPU
		{383F7622-BDF5-461C-90AC-E20C445A7D62}.Release|Any CPU.ActiveCfg = Release|Any CPU
		{383F7622-BDF5-461C-90AC-E20C445A7D62}.Release|Any CPU.Build.0 = Release|Any CPU
	EndGlobalSection
	GlobalSection(SolutionProperties) = preSolution
		HideSolutionNode = FALSE
	EndGlobalSection
EndGlobal
