
Microsoft Visual Studio Solution File, Format Version 12.00
# Visual Studio 2012
Project("{FAE04EC0-301F-11D3-BF4B-00C04F79EFBC}") = "CoinsProblem", "CoinsProblem\CoinsProblem.csproj", "{6AF906C8-7377-40E6-857E-48A8401C7232}"
EndProject
Project("{FAE04EC0-301F-11D3-BF4B-00C04F79EFBC}") = "IsPointInTriangle", "IsPointInTriangle\IsPointInTriangle.csproj", "{326F5E52-3276-47D4-9A82-EC951FC5EB33}"
EndProject
Global
	GlobalSection(SolutionConfigurationPlatforms) = preSolution
		Debug|Any CPU = Debug|Any CPU
		Release|Any CPU = Release|Any CPU
	EndGlobalSection
	GlobalSection(ProjectConfigurationPlatforms) = postSolution
		{6AF906C8-7377-40E6-857E-48A8401C7232}.Debug|Any CPU.ActiveCfg = Debug|Any CPU
		{6AF906C8-7377-40E6-857E-48A8401C7232}.Debug|Any CPU.Build.0 = Debug|Any CPU
		{6AF906C8-7377-40E6-857E-48A8401C7232}.Release|Any CPU.ActiveCfg = Release|Any CPU
		{6AF906C8-7377-40E6-857E-48A8401C7232}.Release|Any CPU.Build.0 = Release|Any CPU
		{326F5E52-3276-47D4-9A82-EC951FC5EB33}.Debug|Any CPU.ActiveCfg = Debug|Any CPU
		{326F5E52-3276-47D4-9A82-EC951FC5EB33}.Debug|Any CPU.Build.0 = Debug|Any CPU
		{326F5E52-3276-47D4-9A82-EC951FC5EB33}.Release|Any CPU.ActiveCfg = Release|Any CPU
		{326F5E52-3276-47D4-9A82-EC951FC5EB33}.Release|Any CPU.Build.0 = Release|Any CPU
	EndGlobalSection
	GlobalSection(SolutionProperties) = preSolution
		HideSolutionNode = FALSE
	EndGlobalSection
EndGlobal
