
Microsoft Visual Studio Solution File, Format Version 12.00
# Visual Studio 2012
Project("{E24C65DC-7377-472B-9ABA-BC803B73C61A}") = "responsive-design-homework-changed", "http://localhost:51274", "{B04B1B03-ADAF-4C5A-A652-2F1F6CF85F76}"
	ProjectSection(WebsiteProperties) = preProject
		UseIISExpress = "true"
		TargetFrameworkMoniker = ".NETFramework,Version%3Dv4.5"
		Debug.AspNetCompiler.VirtualPath = "/localhost_51274"
		Debug.AspNetCompiler.PhysicalPath = "D:\Telerik Academy\Telerik\Slice and Dice\01.Responsive-Design\responsive-design-homework-changed\"
		Debug.AspNetCompiler.TargetPath = "PrecompiledWeb\localhost_51274\"
		Debug.AspNetCompiler.Updateable = "true"
		Debug.AspNetCompiler.ForceOverwrite = "true"
		Debug.AspNetCompiler.FixedNames = "false"
		Debug.AspNetCompiler.Debug = "True"
		Release.AspNetCompiler.VirtualPath = "/localhost_51274"
		Release.AspNetCompiler.PhysicalPath = "D:\Telerik Academy\Telerik\Slice and Dice\01.Responsive-Design\responsive-design-homework-changed\"
		Release.AspNetCompiler.TargetPath = "PrecompiledWeb\localhost_51274\"
		Release.AspNetCompiler.Updateable = "true"
		Release.AspNetCompiler.ForceOverwrite = "true"
		Release.AspNetCompiler.FixedNames = "false"
		Release.AspNetCompiler.Debug = "False"
		SlnRelativePath = "D:\Telerik Academy\Telerik\Slice and Dice\01.Responsive-Design\responsive-design-homework-changed\"
		DefaultWebSiteLanguage = "Visual C#"
	EndProjectSection
EndProject
Global
	GlobalSection(SolutionConfigurationPlatforms) = preSolution
		Debug|Any CPU = Debug|Any CPU
	EndGlobalSection
	GlobalSection(ProjectConfigurationPlatforms) = postSolution
		{B04B1B03-ADAF-4C5A-A652-2F1F6CF85F76}.Debug|Any CPU.ActiveCfg = Debug|Any CPU
		{B04B1B03-ADAF-4C5A-A652-2F1F6CF85F76}.Debug|Any CPU.Build.0 = Debug|Any CPU
	EndGlobalSection
	GlobalSection(SolutionProperties) = preSolution
		HideSolutionNode = FALSE
	EndGlobalSection
EndGlobal
