
Microsoft Visual Studio Solution File, Format Version 12.00
# Visual Studio 2012
Project("{E24C65DC-7377-472B-9ABA-BC803B73C61A}") = "GreedyDwarf", ".", "{4B644576-A21F-4713-8CE5-C801D847223A}"
	ProjectSection(WebsiteProperties) = preProject
		TargetFrameworkMoniker = ".NETFramework,Version%3Dv4.0"
		Debug.AspNetCompiler.VirtualPath = "/GreedyDwarf"
		Debug.AspNetCompiler.PhysicalPath = "..\GreedyDwarf\"
		Debug.AspNetCompiler.TargetPath = "PrecompiledWeb\GreedyDwarf\"
		Debug.AspNetCompiler.Updateable = "true"
		Debug.AspNetCompiler.ForceOverwrite = "true"
		Debug.AspNetCompiler.FixedNames = "false"
		Debug.AspNetCompiler.Debug = "True"
		Release.AspNetCompiler.VirtualPath = "/GreedyDwarf"
		Release.AspNetCompiler.PhysicalPath = "..\GreedyDwarf\"
		Release.AspNetCompiler.TargetPath = "PrecompiledWeb\GreedyDwarf\"
		Release.AspNetCompiler.Updateable = "true"
		Release.AspNetCompiler.ForceOverwrite = "true"
		Release.AspNetCompiler.FixedNames = "false"
		Release.AspNetCompiler.Debug = "False"
		VWDPort = "49675"
	EndProjectSection
EndProject
Global
	GlobalSection(SolutionConfigurationPlatforms) = preSolution
		Debug|Any CPU = Debug|Any CPU
	EndGlobalSection
	GlobalSection(ProjectConfigurationPlatforms) = postSolution
		{4B644576-A21F-4713-8CE5-C801D847223A}.Debug|Any CPU.ActiveCfg = Debug|Any CPU
		{4B644576-A21F-4713-8CE5-C801D847223A}.Debug|Any CPU.Build.0 = Debug|Any CPU
	EndGlobalSection
	GlobalSection(SolutionProperties) = preSolution
		HideSolutionNode = FALSE
	EndGlobalSection
EndGlobal
