
Microsoft Visual Studio Solution File, Format Version 12.00
# Visual Studio 2012
Project("{FAE04EC0-301F-11D3-BF4B-00C04F79EFBC}") = "JustCodeJewels", "JustCodeJewels\JustCodeJewels.csproj", "{8121AB18-AE22-4669-80C5-63DAB56AEE8A}"
EndProject
Project("{FAE04EC0-301F-11D3-BF4B-00C04F79EFBC}") = "JustCodeJewels.Client", "JustCodeJewels.Client\JustCodeJewels.Client.csproj", "{4610DFBE-374F-4A28-B186-0C37BAADDB78}"
EndProject
Project("{2150E333-8FDC-42A3-9474-1A3956D46DE8}") = ".nuget", ".nuget", "{283CE12D-D549-48D7-A274-D5B793591882}"
	ProjectSection(SolutionItems) = preProject
		.nuget\NuGet.Config = .nuget\NuGet.Config
		.nuget\NuGet.exe = .nuget\NuGet.exe
		.nuget\NuGet.targets = .nuget\NuGet.targets
	EndProjectSection
EndProject
Global
	GlobalSection(SolutionConfigurationPlatforms) = preSolution
		Debug|Any CPU = Debug|Any CPU
		Release|Any CPU = Release|Any CPU
	EndGlobalSection
	GlobalSection(ProjectConfigurationPlatforms) = postSolution
		{8121AB18-AE22-4669-80C5-63DAB56AEE8A}.Debug|Any CPU.ActiveCfg = Debug|Any CPU
		{8121AB18-AE22-4669-80C5-63DAB56AEE8A}.Debug|Any CPU.Build.0 = Debug|Any CPU
		{8121AB18-AE22-4669-80C5-63DAB56AEE8A}.Release|Any CPU.ActiveCfg = Release|Any CPU
		{8121AB18-AE22-4669-80C5-63DAB56AEE8A}.Release|Any CPU.Build.0 = Release|Any CPU
		{4610DFBE-374F-4A28-B186-0C37BAADDB78}.Debug|Any CPU.ActiveCfg = Debug|Any CPU
		{4610DFBE-374F-4A28-B186-0C37BAADDB78}.Debug|Any CPU.Build.0 = Debug|Any CPU
		{4610DFBE-374F-4A28-B186-0C37BAADDB78}.Release|Any CPU.ActiveCfg = Release|Any CPU
		{4610DFBE-374F-4A28-B186-0C37BAADDB78}.Release|Any CPU.Build.0 = Release|Any CPU
	EndGlobalSection
	GlobalSection(SolutionProperties) = preSolution
		HideSolutionNode = FALSE
	EndGlobalSection
EndGlobal
