
Microsoft Visual Studio Solution File, Format Version 12.00
# Visual Studio 2012
Project("{E24C65DC-7377-472B-9ABA-BC803B73C61A}") = "Homework-photoshopSnD", "http://localhost:55628", "{C33EC43B-7761-436B-92FF-295883CE415B}"
	ProjectSection(WebsiteProperties) = preProject
		UseIISExpress = "true"
		TargetFrameworkMoniker = ".NETFramework,Version%3Dv4.5"
		Debug.AspNetCompiler.VirtualPath = "/localhost_55628"
		Debug.AspNetCompiler.PhysicalPath = "D:\Telerik Academy\Telerik\Slice and Dice\02.Photoshop\Homework-photoshopSnD\"
		Debug.AspNetCompiler.TargetPath = "PrecompiledWeb\localhost_55628\"
		Debug.AspNetCompiler.Updateable = "true"
		Debug.AspNetCompiler.ForceOverwrite = "true"
		Debug.AspNetCompiler.FixedNames = "false"
		Debug.AspNetCompiler.Debug = "True"
		Release.AspNetCompiler.VirtualPath = "/localhost_55628"
		Release.AspNetCompiler.PhysicalPath = "D:\Telerik Academy\Telerik\Slice and Dice\02.Photoshop\Homework-photoshopSnD\"
		Release.AspNetCompiler.TargetPath = "PrecompiledWeb\localhost_55628\"
		Release.AspNetCompiler.Updateable = "true"
		Release.AspNetCompiler.ForceOverwrite = "true"
		Release.AspNetCompiler.FixedNames = "false"
		Release.AspNetCompiler.Debug = "False"
		SlnRelativePath = "D:\Telerik Academy\Telerik\Slice and Dice\02.Photoshop\Homework-photoshopSnD\"
		DefaultWebSiteLanguage = "Visual C#"
	EndProjectSection
EndProject
Global
	GlobalSection(SolutionConfigurationPlatforms) = preSolution
		Debug|Any CPU = Debug|Any CPU
	EndGlobalSection
	GlobalSection(ProjectConfigurationPlatforms) = postSolution
		{C33EC43B-7761-436B-92FF-295883CE415B}.Debug|Any CPU.ActiveCfg = Debug|Any CPU
		{C33EC43B-7761-436B-92FF-295883CE415B}.Debug|Any CPU.Build.0 = Debug|Any CPU
	EndGlobalSection
	GlobalSection(SolutionProperties) = preSolution
		HideSolutionNode = FALSE
	EndGlobalSection
EndGlobal
