
Microsoft Visual Studio Solution File, Format Version 12.00
# Visual Studio 2013
VisualStudioVersion = 12.0.20623.1 VSUPREVIEW
MinimumVisualStudioVersion = 10.0.40219.1
Project("{FAE04EC0-301F-11D3-BF4B-00C04F79EFBC}") = "RandomNumberInRange-ServerControls", "RandomNumberInRange\RandomNumberInRange-ServerControls.csproj", "{A228D6F7-4DB8-4B1D-B02D-C089A65A22FE}"
EndProject
Project("{FAE04EC0-301F-11D3-BF4B-00C04F79EFBC}") = "RandomNumber-Web", "RandomNumber-Web\RandomNumber-Web.csproj", "{04ED95BB-9AF3-4DF6-A9EA-1EF82975D5F1}"
EndProject
Project("{FAE04EC0-301F-11D3-BF4B-00C04F79EFBC}") = "Escaping", "Escaping\Escaping.csproj", "{6A92EFDE-2918-4D61-BFE1-7391505E02BF}"
EndProject
Project("{FAE04EC0-301F-11D3-BF4B-00C04F79EFBC}") = "RegistrationForm", "RegistrationForm\RegistrationForm.csproj", "{C33A26E4-9066-4B6A-9010-F7855BEF99CE}"
EndProject
Project("{FAE04EC0-301F-11D3-BF4B-00C04F79EFBC}") = "Calculator", "Calculator\Calculator.csproj", "{BF01A5BC-C171-43DF-9A83-3B0E58AB5B4E}"
EndProject
Global
	GlobalSection(SolutionConfigurationPlatforms) = preSolution
		Debug|Any CPU = Debug|Any CPU
		Release|Any CPU = Release|Any CPU
	EndGlobalSection
	GlobalSection(ProjectConfigurationPlatforms) = postSolution
		{A228D6F7-4DB8-4B1D-B02D-C089A65A22FE}.Debug|Any CPU.ActiveCfg = Debug|Any CPU
		{A228D6F7-4DB8-4B1D-B02D-C089A65A22FE}.Debug|Any CPU.Build.0 = Debug|Any CPU
		{A228D6F7-4DB8-4B1D-B02D-C089A65A22FE}.Release|Any CPU.ActiveCfg = Release|Any CPU
		{A228D6F7-4DB8-4B1D-B02D-C089A65A22FE}.Release|Any CPU.Build.0 = Release|Any CPU
		{04ED95BB-9AF3-4DF6-A9EA-1EF82975D5F1}.Debug|Any CPU.ActiveCfg = Debug|Any CPU
		{04ED95BB-9AF3-4DF6-A9EA-1EF82975D5F1}.Debug|Any CPU.Build.0 = Debug|Any CPU
		{04ED95BB-9AF3-4DF6-A9EA-1EF82975D5F1}.Release|Any CPU.ActiveCfg = Release|Any CPU
		{04ED95BB-9AF3-4DF6-A9EA-1EF82975D5F1}.Release|Any CPU.Build.0 = Release|Any CPU
		{6A92EFDE-2918-4D61-BFE1-7391505E02BF}.Debug|Any CPU.ActiveCfg = Debug|Any CPU
		{6A92EFDE-2918-4D61-BFE1-7391505E02BF}.Debug|Any CPU.Build.0 = Debug|Any CPU
		{6A92EFDE-2918-4D61-BFE1-7391505E02BF}.Release|Any CPU.ActiveCfg = Release|Any CPU
		{6A92EFDE-2918-4D61-BFE1-7391505E02BF}.Release|Any CPU.Build.0 = Release|Any CPU
		{C33A26E4-9066-4B6A-9010-F7855BEF99CE}.Debug|Any CPU.ActiveCfg = Debug|Any CPU
		{C33A26E4-9066-4B6A-9010-F7855BEF99CE}.Debug|Any CPU.Build.0 = Debug|Any CPU
		{C33A26E4-9066-4B6A-9010-F7855BEF99CE}.Release|Any CPU.ActiveCfg = Release|Any CPU
		{C33A26E4-9066-4B6A-9010-F7855BEF99CE}.Release|Any CPU.Build.0 = Release|Any CPU
		{BF01A5BC-C171-43DF-9A83-3B0E58AB5B4E}.Debug|Any CPU.ActiveCfg = Debug|Any CPU
		{BF01A5BC-C171-43DF-9A83-3B0E58AB5B4E}.Debug|Any CPU.Build.0 = Debug|Any CPU
		{BF01A5BC-C171-43DF-9A83-3B0E58AB5B4E}.Release|Any CPU.ActiveCfg = Release|Any CPU
		{BF01A5BC-C171-43DF-9A83-3B0E58AB5B4E}.Release|Any CPU.Build.0 = Release|Any CPU
	EndGlobalSection
	GlobalSection(SolutionProperties) = preSolution
		HideSolutionNode = FALSE
	EndGlobalSection
EndGlobal
