
Microsoft Visual Studio Solution File, Format Version 12.00
# Visual Studio 2013
VisualStudioVersion = 12.0.20623.1 VSUPREVIEW
MinimumVisualStudioVersion = 10.0.40219.1
Project("{FAE04EC0-301F-11D3-BF4B-00C04F79EFBC}") = "Word", "Word\Word.csproj", "{817E2CDA-3585-402D-BDF1-C2D561CBB30D}"
EndProject
Project("{FAE04EC0-301F-11D3-BF4B-00C04F79EFBC}") = "Word.Model", "Word.Model\Word.Model.csproj", "{DBD61CBD-3D36-4CB0-BA68-D9764B91E0FB}"
EndProject
Project("{FAE04EC0-301F-11D3-BF4B-00C04F79EFBC}") = "Word.Data", "Word.Data\Word.Data.csproj", "{0BD14EAD-858B-4752-AD3D-86B5B3F25039}"
EndProject
Project("{FAE04EC0-301F-11D3-BF4B-00C04F79EFBC}") = "Todos", "Todos\Todos.csproj", "{C3449F79-295A-427B-914C-467DDCB692FE}"
EndProject
Global
	GlobalSection(SolutionConfigurationPlatforms) = preSolution
		Debug|Any CPU = Debug|Any CPU
		Release|Any CPU = Release|Any CPU
	EndGlobalSection
	GlobalSection(ProjectConfigurationPlatforms) = postSolution
		{817E2CDA-3585-402D-BDF1-C2D561CBB30D}.Debug|Any CPU.ActiveCfg = Debug|Any CPU
		{817E2CDA-3585-402D-BDF1-C2D561CBB30D}.Debug|Any CPU.Build.0 = Debug|Any CPU
		{817E2CDA-3585-402D-BDF1-C2D561CBB30D}.Release|Any CPU.ActiveCfg = Release|Any CPU
		{817E2CDA-3585-402D-BDF1-C2D561CBB30D}.Release|Any CPU.Build.0 = Release|Any CPU
		{DBD61CBD-3D36-4CB0-BA68-D9764B91E0FB}.Debug|Any CPU.ActiveCfg = Debug|Any CPU
		{DBD61CBD-3D36-4CB0-BA68-D9764B91E0FB}.Debug|Any CPU.Build.0 = Debug|Any CPU
		{DBD61CBD-3D36-4CB0-BA68-D9764B91E0FB}.Release|Any CPU.ActiveCfg = Release|Any CPU
		{DBD61CBD-3D36-4CB0-BA68-D9764B91E0FB}.Release|Any CPU.Build.0 = Release|Any CPU
		{0BD14EAD-858B-4752-AD3D-86B5B3F25039}.Debug|Any CPU.ActiveCfg = Debug|Any CPU
		{0BD14EAD-858B-4752-AD3D-86B5B3F25039}.Debug|Any CPU.Build.0 = Debug|Any CPU
		{0BD14EAD-858B-4752-AD3D-86B5B3F25039}.Release|Any CPU.ActiveCfg = Release|Any CPU
		{0BD14EAD-858B-4752-AD3D-86B5B3F25039}.Release|Any CPU.Build.0 = Release|Any CPU
		{C3449F79-295A-427B-914C-467DDCB692FE}.Debug|Any CPU.ActiveCfg = Debug|Any CPU
		{C3449F79-295A-427B-914C-467DDCB692FE}.Debug|Any CPU.Build.0 = Debug|Any CPU
		{C3449F79-295A-427B-914C-467DDCB692FE}.Release|Any CPU.ActiveCfg = Release|Any CPU
		{C3449F79-295A-427B-914C-467DDCB692FE}.Release|Any CPU.Build.0 = Release|Any CPU
	EndGlobalSection
	GlobalSection(SolutionProperties) = preSolution
		HideSolutionNode = FALSE
	EndGlobalSection
EndGlobal
