
Microsoft Visual Studio Solution File, Format Version 12.00
# Visual Studio 2012
Project("{FAE04EC0-301F-11D3-BF4B-00C04F79EFBC}") = "01.IsLeap", "01.IsLeap\01.IsLeap.csproj", "{0EFC2916-2947-4B1B-8AA7-F13569E106E2}"
EndProject
Project("{FAE04EC0-301F-11D3-BF4B-00C04F79EFBC}") = "02.TenRandomValues", "02.TenRandomValues\02.TenRandomValues.csproj", "{D1AE7F92-F459-4AA7-AC62-35138315272B}"
EndProject
Project("{FAE04EC0-301F-11D3-BF4B-00C04F79EFBC}") = "03.WhichDayIsToday", "03.WhichDayIsToday\03.WhichDayIsToday.csproj", "{C8AFBC61-066E-4893-AC10-2A186E09A336}"
EndProject
Project("{FAE04EC0-301F-11D3-BF4B-00C04F79EFBC}") = "04.TriangelSurface", "04.TriangelSurface\04.TriangelSurface.csproj", "{12D8E606-2225-484A-A85C-C50620206F23}"
EndProject
Project("{FAE04EC0-301F-11D3-BF4B-00C04F79EFBC}") = "06.SumNumbersInString", "06.SumNumbersInString\06.SumNumbersInString.csproj", "{3E3F2325-153F-449B-BA77-A6AFE7661A80}"
EndProject
Project("{FAE04EC0-301F-11D3-BF4B-00C04F79EFBC}") = "05.CountWorkingDays", "05.CountWorkingDays\05.CountWorkingDays.csproj", "{4E151281-25C2-4240-986B-56ACD265F810}"
EndProject
Global
	GlobalSection(SolutionConfigurationPlatforms) = preSolution
		Debug|Any CPU = Debug|Any CPU
		Release|Any CPU = Release|Any CPU
	EndGlobalSection
	GlobalSection(ProjectConfigurationPlatforms) = postSolution
		{0EFC2916-2947-4B1B-8AA7-F13569E106E2}.Debug|Any CPU.ActiveCfg = Debug|Any CPU
		{0EFC2916-2947-4B1B-8AA7-F13569E106E2}.Debug|Any CPU.Build.0 = Debug|Any CPU
		{0EFC2916-2947-4B1B-8AA7-F13569E106E2}.Release|Any CPU.ActiveCfg = Release|Any CPU
		{0EFC2916-2947-4B1B-8AA7-F13569E106E2}.Release|Any CPU.Build.0 = Release|Any CPU
		{D1AE7F92-F459-4AA7-AC62-35138315272B}.Debug|Any CPU.ActiveCfg = Debug|Any CPU
		{D1AE7F92-F459-4AA7-AC62-35138315272B}.Debug|Any CPU.Build.0 = Debug|Any CPU
		{D1AE7F92-F459-4AA7-AC62-35138315272B}.Release|Any CPU.ActiveCfg = Release|Any CPU
		{D1AE7F92-F459-4AA7-AC62-35138315272B}.Release|Any CPU.Build.0 = Release|Any CPU
		{C8AFBC61-066E-4893-AC10-2A186E09A336}.Debug|Any CPU.ActiveCfg = Debug|Any CPU
		{C8AFBC61-066E-4893-AC10-2A186E09A336}.Debug|Any CPU.Build.0 = Debug|Any CPU
		{C8AFBC61-066E-4893-AC10-2A186E09A336}.Release|Any CPU.ActiveCfg = Release|Any CPU
		{C8AFBC61-066E-4893-AC10-2A186E09A336}.Release|Any CPU.Build.0 = Release|Any CPU
		{12D8E606-2225-484A-A85C-C50620206F23}.Debug|Any CPU.ActiveCfg = Debug|Any CPU
		{12D8E606-2225-484A-A85C-C50620206F23}.Debug|Any CPU.Build.0 = Debug|Any CPU
		{12D8E606-2225-484A-A85C-C50620206F23}.Release|Any CPU.ActiveCfg = Release|Any CPU
		{12D8E606-2225-484A-A85C-C50620206F23}.Release|Any CPU.Build.0 = Release|Any CPU
		{3E3F2325-153F-449B-BA77-A6AFE7661A80}.Debug|Any CPU.ActiveCfg = Debug|Any CPU
		{3E3F2325-153F-449B-BA77-A6AFE7661A80}.Debug|Any CPU.Build.0 = Debug|Any CPU
		{3E3F2325-153F-449B-BA77-A6AFE7661A80}.Release|Any CPU.ActiveCfg = Release|Any CPU
		{3E3F2325-153F-449B-BA77-A6AFE7661A80}.Release|Any CPU.Build.0 = Release|Any CPU
		{4E151281-25C2-4240-986B-56ACD265F810}.Debug|Any CPU.ActiveCfg = Debug|Any CPU
		{4E151281-25C2-4240-986B-56ACD265F810}.Debug|Any CPU.Build.0 = Debug|Any CPU
		{4E151281-25C2-4240-986B-56ACD265F810}.Release|Any CPU.ActiveCfg = Release|Any CPU
		{4E151281-25C2-4240-986B-56ACD265F810}.Release|Any CPU.Build.0 = Release|Any CPU
	EndGlobalSection
	GlobalSection(SolutionProperties) = preSolution
		HideSolutionNode = FALSE
	EndGlobalSection
EndGlobal
