
Microsoft Visual Studio Solution File, Format Version 12.00
# Visual Studio 2012
Project("{FAE04EC0-301F-11D3-BF4B-00C04F79EFBC}") = "BlogSystem.Client", "BlogSystem.Client\BlogSystem.Client.csproj", "{E79E9B08-D9C4-4374-98E0-2065C9332951}"
EndProject
Global
	GlobalSection(SolutionConfigurationPlatforms) = preSolution
		Debug|Any CPU = Debug|Any CPU
		Release|Any CPU = Release|Any CPU
	EndGlobalSection
	GlobalSection(ProjectConfigurationPlatforms) = postSolution
		{E79E9B08-D9C4-4374-98E0-2065C9332951}.Debug|Any CPU.ActiveCfg = Debug|Any CPU
		{E79E9B08-D9C4-4374-98E0-2065C9332951}.Debug|Any CPU.Build.0 = Debug|Any CPU
		{E79E9B08-D9C4-4374-98E0-2065C9332951}.Release|Any CPU.ActiveCfg = Release|Any CPU
		{E79E9B08-D9C4-4374-98E0-2065C9332951}.Release|Any CPU.Build.0 = Release|Any CPU
	EndGlobalSection
	GlobalSection(SolutionProperties) = preSolution
		HideSolutionNode = FALSE
	EndGlobalSection
EndGlobal
