
Microsoft Visual Studio Solution File, Format Version 12.00
# Visual Studio 2012
Project("{FAE04EC0-301F-11D3-BF4B-00C04F79EFBC}") = "1.Student", "1.Student\1.Student.csproj", "{C25720A5-CA68-448C-A99F-F94E2F84E26E}"
EndProject
Project("{FAE04EC0-301F-11D3-BF4B-00C04F79EFBC}") = "2.Person", "2.Person\2.Person.csproj", "{501B2189-E6E1-4EB1-9DDD-93C19EB21D15}"
EndProject
Project("{FAE04EC0-301F-11D3-BF4B-00C04F79EFBC}") = "3.BitArray64", "3.BitArray64\3.BitArray64.csproj", "{6B462C87-5C5B-490D-BBAC-C4959277DCA8}"
EndProject
Global
	GlobalSection(SolutionConfigurationPlatforms) = preSolution
		Debug|Any CPU = Debug|Any CPU
		Release|Any CPU = Release|Any CPU
	EndGlobalSection
	GlobalSection(ProjectConfigurationPlatforms) = postSolution
		{C25720A5-CA68-448C-A99F-F94E2F84E26E}.Debug|Any CPU.ActiveCfg = Debug|Any CPU
		{C25720A5-CA68-448C-A99F-F94E2F84E26E}.Debug|Any CPU.Build.0 = Debug|Any CPU
		{C25720A5-CA68-448C-A99F-F94E2F84E26E}.Release|Any CPU.ActiveCfg = Release|Any CPU
		{C25720A5-CA68-448C-A99F-F94E2F84E26E}.Release|Any CPU.Build.0 = Release|Any CPU
		{501B2189-E6E1-4EB1-9DDD-93C19EB21D15}.Debug|Any CPU.ActiveCfg = Debug|Any CPU
		{501B2189-E6E1-4EB1-9DDD-93C19EB21D15}.Debug|Any CPU.Build.0 = Debug|Any CPU
		{501B2189-E6E1-4EB1-9DDD-93C19EB21D15}.Release|Any CPU.ActiveCfg = Release|Any CPU
		{501B2189-E6E1-4EB1-9DDD-93C19EB21D15}.Release|Any CPU.Build.0 = Release|Any CPU
		{6B462C87-5C5B-490D-BBAC-C4959277DCA8}.Debug|Any CPU.ActiveCfg = Debug|Any CPU
		{6B462C87-5C5B-490D-BBAC-C4959277DCA8}.Debug|Any CPU.Build.0 = Debug|Any CPU
		{6B462C87-5C5B-490D-BBAC-C4959277DCA8}.Release|Any CPU.ActiveCfg = Release|Any CPU
		{6B462C87-5C5B-490D-BBAC-C4959277DCA8}.Release|Any CPU.Build.0 = Release|Any CPU
	EndGlobalSection
	GlobalSection(SolutionProperties) = preSolution
		HideSolutionNode = FALSE
	EndGlobalSection
EndGlobal
