
Microsoft Visual Studio Solution File, Format Version 12.00
# Visual Studio 2012
Project("{E24C65DC-7377-472B-9ABA-BC803B73C61A}") = "3.HomeworkCSS-Layout", "http://localhost:49537", "{5A940171-6BBC-448B-A277-C3CC316C70BA}"
	ProjectSection(WebsiteProperties) = preProject
		UseIISExpress = "true"
		TargetFrameworkMoniker = ".NETFramework,Version%3Dv4.5"
		Debug.AspNetCompiler.VirtualPath = "/localhost_49537"
		Debug.AspNetCompiler.PhysicalPath = "..\3.HomeworkCSS-Layout\"
		Debug.AspNetCompiler.TargetPath = "PrecompiledWeb\localhost_49537\"
		Debug.AspNetCompiler.Updateable = "true"
		Debug.AspNetCompiler.ForceOverwrite = "true"
		Debug.AspNetCompiler.FixedNames = "false"
		Debug.AspNetCompiler.Debug = "True"
		Release.AspNetCompiler.VirtualPath = "/localhost_49537"
		Release.AspNetCompiler.PhysicalPath = "..\3.HomeworkCSS-Layout\"
		Release.AspNetCompiler.TargetPath = "PrecompiledWeb\localhost_49537\"
		Release.AspNetCompiler.Updateable = "true"
		Release.AspNetCompiler.ForceOverwrite = "true"
		Release.AspNetCompiler.FixedNames = "false"
		Release.AspNetCompiler.Debug = "False"
		SlnRelativePath = "..\3.HomeworkCSS-Layout\"
		DefaultWebSiteLanguage = "Visual C#"
	EndProjectSection
EndProject
Global
	GlobalSection(SolutionConfigurationPlatforms) = preSolution
		Debug|Any CPU = Debug|Any CPU
	EndGlobalSection
	GlobalSection(ProjectConfigurationPlatforms) = postSolution
		{5A940171-6BBC-448B-A277-C3CC316C70BA}.Debug|Any CPU.ActiveCfg = Debug|Any CPU
		{5A940171-6BBC-448B-A277-C3CC316C70BA}.Debug|Any CPU.Build.0 = Debug|Any CPU
	EndGlobalSection
	GlobalSection(SolutionProperties) = preSolution
		HideSolutionNode = FALSE
	EndGlobalSection
EndGlobal
