
Microsoft Visual Studio Solution File, Format Version 12.00
# Visual Studio 2012
Project("{E24C65DC-7377-472B-9ABA-BC803B73C61A}") = "RealExam(1)", "http://localhost:49192", "{B73D55B4-4B74-4E93-BA6C-C89F7F564870}"
	ProjectSection(WebsiteProperties) = preProject
		UseIISExpress = "true"
		TargetFrameworkMoniker = ".NETFramework,Version%3Dv4.5"
		Debug.AspNetCompiler.VirtualPath = "/localhost_49192"
		Debug.AspNetCompiler.PhysicalPath = "D:\Telerik Academy\Telerik\JavaScript 2\10.RealExam\RealExam\"
		Debug.AspNetCompiler.TargetPath = "PrecompiledWeb\localhost_49192\"
		Debug.AspNetCompiler.Updateable = "true"
		Debug.AspNetCompiler.ForceOverwrite = "true"
		Debug.AspNetCompiler.FixedNames = "false"
		Debug.AspNetCompiler.Debug = "True"
		Release.AspNetCompiler.VirtualPath = "/localhost_49192"
		Release.AspNetCompiler.PhysicalPath = "D:\Telerik Academy\Telerik\JavaScript 2\10.RealExam\RealExam\"
		Release.AspNetCompiler.TargetPath = "PrecompiledWeb\localhost_49192\"
		Release.AspNetCompiler.Updateable = "true"
		Release.AspNetCompiler.ForceOverwrite = "true"
		Release.AspNetCompiler.FixedNames = "false"
		Release.AspNetCompiler.Debug = "False"
		SlnRelativePath = "D:\Telerik Academy\Telerik\JavaScript 2\10.RealExam\RealExam\"
		DefaultWebSiteLanguage = "Visual C#"
	EndProjectSection
EndProject
Global
	GlobalSection(SolutionConfigurationPlatforms) = preSolution
		Debug|Any CPU = Debug|Any CPU
	EndGlobalSection
	GlobalSection(ProjectConfigurationPlatforms) = postSolution
		{B73D55B4-4B74-4E93-BA6C-C89F7F564870}.Debug|Any CPU.ActiveCfg = Debug|Any CPU
		{B73D55B4-4B74-4E93-BA6C-C89F7F564870}.Debug|Any CPU.Build.0 = Debug|Any CPU
	EndGlobalSection
	GlobalSection(SolutionProperties) = preSolution
		HideSolutionNode = FALSE
	EndGlobalSection
EndGlobal
